{
  "requires": true,
  "lockfileVersion": 1,
  "dependencies": {
    "sbm_login_application": {
      "version": "1.0.0",
      "resolved": "https://registry.npmjs.org/sbm_login_application/-/sbm_login_application-1.0.0.tgz",
      "integrity": "sha512-M02RLTBsKB4W9wTpXIiCoOvaigS6I8/kDdwyYIrUgklddbu7snuEkMTtWCA7gs99GQTo76u5X/ZM0hEtM7PBmA=="
    }
  }
}
